
Microsoft Visual Studio Solution File, Format Version 12.00
# Visual Studio 15
VisualStudioVersion = 15.0.28307.106
MinimumVisualStudioVersion = 10.0.40219.1
Project("{9A19103F-16F7-4668-BE54-9A1E7A4F7556}") = "Paylocity.CodingChallenge.Entities", "Paylocity.CodingChallenge.Entities\Paylocity.CodingChallenge.Entities.csproj", "{C09F3C5C-FCE6-4C2B-ADFE-EABE2A845448}"
EndProject
Project("{9A19103F-16F7-4668-BE54-9A1E7A4F7556}") = "Paylocity.CodingChallenge.Business", "Paylocity.CodingChallenge.Business\Paylocity.CodingChallenge.Business.csproj", "{021B6BC4-F599-4412-A7DB-633924B2C2F2}"
EndProject
Project("{9A19103F-16F7-4668-BE54-9A1E7A4F7556}") = "Paylocity.CodingChallenge.Api", "Paylocity.CodingChallenge.Api\Paylocity.CodingChallenge.Api.csproj", "{058368E1-54BE-4996-96A2-90A28F7F9A13}"
EndProject
Global
	GlobalSection(SolutionConfigurationPlatforms) = preSolution
		Debug|Any CPU = Debug|Any CPU
		Release|Any CPU = Release|Any CPU
	EndGlobalSection
	GlobalSection(ProjectConfigurationPlatforms) = postSolution
		{C09F3C5C-FCE6-4C2B-ADFE-EABE2A845448}.Debug|Any CPU.ActiveCfg = Debug|Any CPU
		{C09F3C5C-FCE6-4C2B-ADFE-EABE2A845448}.Debug|Any CPU.Build.0 = Debug|Any CPU
		{C09F3C5C-FCE6-4C2B-ADFE-EABE2A845448}.Release|Any CPU.ActiveCfg = Release|Any CPU
		{C09F3C5C-FCE6-4C2B-ADFE-EABE2A845448}.Release|Any CPU.Build.0 = Release|Any CPU
		{021B6BC4-F599-4412-A7DB-633924B2C2F2}.Debug|Any CPU.ActiveCfg = Debug|Any CPU
		{021B6BC4-F599-4412-A7DB-633924B2C2F2}.Debug|Any CPU.Build.0 = Debug|Any CPU
		{021B6BC4-F599-4412-A7DB-633924B2C2F2}.Release|Any CPU.ActiveCfg = Release|Any CPU
		{021B6BC4-F599-4412-A7DB-633924B2C2F2}.Release|Any CPU.Build.0 = Release|Any CPU
		{058368E1-54BE-4996-96A2-90A28F7F9A13}.Debug|Any CPU.ActiveCfg = Debug|Any CPU
		{058368E1-54BE-4996-96A2-90A28F7F9A13}.Debug|Any CPU.Build.0 = Debug|Any CPU
		{058368E1-54BE-4996-96A2-90A28F7F9A13}.Release|Any CPU.ActiveCfg = Release|Any CPU
		{058368E1-54BE-4996-96A2-90A28F7F9A13}.Release|Any CPU.Build.0 = Release|Any CPU
	EndGlobalSection
	GlobalSection(SolutionProperties) = preSolution
		HideSolutionNode = FALSE
	EndGlobalSection
	GlobalSection(ExtensibilityGlobals) = postSolution
		SolutionGuid = {F455FE29-E058-4973-9648-DE491686EC1D}
	EndGlobalSection
EndGlobal
